
Microsoft Visual Studio Solution File, Format Version 12.00
# Visual Studio Version 16
VisualStudioVersion = 16.0.30002.166
MinimumVisualStudioVersion = 10.0.40219.1
Project("{FAE04EC0-301F-11D3-BF4B-00C04F79EFBC}") = "Talia Zwyciestwa", "Talia Zwyciestwa\Talia Zwyciestwa.csproj", "{4FDE3403-7568-4312-A89E-F440221B16FF}"
EndProject
Global
	GlobalSection(SolutionConfigurationPlatforms) = preSolution
		Debug|Any CPU = Debug|Any CPU
		Release|Any CPU = Release|Any CPU
	EndGlobalSection
	GlobalSection(ProjectConfigurationPlatforms) = postSolution
		{4FDE3403-7568-4312-A89E-F440221B16FF}.Debug|Any CPU.ActiveCfg = Debug|Any CPU
		{4FDE3403-7568-4312-A89E-F440221B16FF}.Debug|Any CPU.Build.0 = Debug|Any CPU
		{4FDE3403-7568-4312-A89E-F440221B16FF}.Release|Any CPU.ActiveCfg = Release|Any CPU
		{4FDE3403-7568-4312-A89E-F440221B16FF}.Release|Any CPU.Build.0 = Release|Any CPU
	EndGlobalSection
	GlobalSection(SolutionProperties) = preSolution
		HideSolutionNode = FALSE
	EndGlobalSection
	GlobalSection(ExtensibilityGlobals) = postSolution
		SolutionGuid = {A0B1B669-3F07-44B3-AA73-DBD4183264CD}
	EndGlobalSection
EndGlobal
